{
  "name": "testpress",
  "version": "1.0.0",
  "lockfileVersion": 1,
  "requires": true,
  "dependencies": {
    "alienupload": {
      "version": "0.3.3",
      "resolved": "https://registry.npmjs.org/alienupload/-/alienupload-0.3.3.tgz",
      "integrity": "sha512-f7IvI2WrBHHDJmBlSFzeDryviC98RCuRaqBmbfuR8jL1h6ukCCKEHZVDgxt9AyBjYfY7psH7/O9tTbZ8zj5JGQ==",
      "dev": true,
      "requires": {
        "vue": "^2.5.11"
      }
    },
    "vue": {
      "version": "2.5.16",
      "resolved": "https://registry.npmjs.org/vue/-/vue-2.5.16.tgz",
      "integrity": "sha512-/ffmsiVuPC8PsWcFkZngdpas19ABm5mh2wA7iDqcltyCTwlgZjHGeJYOXkBMo422iPwIcviOtrTCUpSfXmToLQ=="
    }
  }
}
