{
  "name": "testpress",
  "version": "1.0.0",
  "lockfileVersion": 1,
  "requires": true,
  "dependencies": {
    "alienupload": {
      "version": "0.3.0",
      "resolved": "https://registry.npmjs.org/alienupload/-/alienupload-0.3.0.tgz",
      "integrity": "sha1-Gb569xDYXqqO77b8UN9JS9oHaqU=",
      "dev": true,
      "requires": {
        "vue": "2.5.16"
      }
    },
    "vue": {
      "version": "2.5.16",
      "resolved": "https://registry.npmjs.org/vue/-/vue-2.5.16.tgz",
      "integrity": "sha512-/ffmsiVuPC8PsWcFkZngdpas19ABm5mh2wA7iDqcltyCTwlgZjHGeJYOXkBMo422iPwIcviOtrTCUpSfXmToLQ=="
    }
  }
}
